
Microsoft Visual Studio Solution File, Format Version 12.00
# Visual Studio 15
VisualStudioVersion = 15.0.27004.2010
MinimumVisualStudioVersion = 10.0.40219.1
Project("{8BC9CEB8-8B4A-11D0-8D11-00A0C91BC942}") = "ConwaysLife", "ConwaysLife.vcxproj", "{ABA7C05D-BB22-404C-931F-4C20FFF3A26A}"
EndProject
Global
	GlobalSection(SolutionConfigurationPlatforms) = preSolution
		Debug|x64 = Debug|x64
		Debug|x86 = Debug|x86
		Release|x64 = Release|x64
		Release|x86 = Release|x86
	EndGlobalSection
	GlobalSection(ProjectConfigurationPlatforms) = postSolution
		{ABA7C05D-BB22-404C-931F-4C20FFF3A26A}.Debug|x64.ActiveCfg = Debug|x64
		{ABA7C05D-BB22-404C-931F-4C20FFF3A26A}.Debug|x64.Build.0 = Debug|x64
		{ABA7C05D-BB22-404C-931F-4C20FFF3A26A}.Debug|x86.ActiveCfg = Debug|Win32
		{ABA7C05D-BB22-404C-931F-4C20FFF3A26A}.Debug|x86.Build.0 = Debug|Win32
		{ABA7C05D-BB22-404C-931F-4C20FFF3A26A}.Release|x64.ActiveCfg = Release|x64
		{ABA7C05D-BB22-404C-931F-4C20FFF3A26A}.Release|x64.Build.0 = Release|x64
		{ABA7C05D-BB22-404C-931F-4C20FFF3A26A}.Release|x86.ActiveCfg = Release|Win32
		{ABA7C05D-BB22-404C-931F-4C20FFF3A26A}.Release|x86.Build.0 = Release|Win32
	EndGlobalSection
	GlobalSection(SolutionProperties) = preSolution
		HideSolutionNode = FALSE
	EndGlobalSection
	GlobalSection(ExtensibilityGlobals) = postSolution
		SolutionGuid = {BFF1045A-441E-4D52-ABF2-8C1C617DFC6A}
	EndGlobalSection
EndGlobal
